{
  "lockfile-version": 1,
  "manifest": {
    "version": 1,
    "install": {
      "cargo": {
        "pkg-path": "cargo"
      },
      "rustc": {
        "pkg-path": "rustc"
      }
    },
    "hook": {},
    "profile": {},
    "options": {
      "systems": [
        "aarch64-darwin",
        "aarch64-linux",
        "x86_64-darwin",
        "x86_64-linux"
      ]
    }
  },
  "packages": [
    {
      "attr_path": "cargo",
      "broken": false,
      "derivation": "/nix/store/c54ll5irj2l4a1i8c4ksxkafwm3qhx2l-cargo-1.88.0.drv",
      "description": "Downloads your Rust project's dependencies and builds your project",
      "install_id": "cargo",
      "license": "[ MIT, Apache-2.0 ]",
      "locked_url": "https://github.com/flox/nixpkgs?rev=7fd36ee82c0275fb545775cc5e4d30542899511d",
      "name": "cargo-1.88.0",
      "pname": "cargo",
      "rev": "7fd36ee82c0275fb545775cc5e4d30542899511d",
      "rev_count": 834672,
      "rev_date": "2025-07-25T07:48:04Z",
      "scrape_date": "2025-07-27T00:28:20.871601Z",
      "stabilities": [
        "unstable"
      ],
      "unfree": false,
      "version": "1.88.0",
      "outputs_to_install": [
        "out"
      ],
      "outputs": {
        "out": "/nix/store/xi7h5x85b0jasfjywj033hhrvarqpsm9-cargo-1.88.0"
      },
      "system": "aarch64-darwin",
      "group": "toplevel",
      "priority": 5
    },
    {
      "attr_path": "cargo",
      "broken": false,
      "derivation": "/nix/store/vkxs57hs3mkf2wc6fc44bijc5wympx1m-cargo-1.88.0.drv",
      "description": "Downloads your Rust project's dependencies and builds your project",
      "install_id": "cargo",
      "license": "[ MIT, Apache-2.0 ]",
      "locked_url": "https://github.com/flox/nixpkgs?rev=7fd36ee82c0275fb545775cc5e4d30542899511d",
      "name": "cargo-1.88.0",
      "pname": "cargo",
      "rev": "7fd36ee82c0275fb545775cc5e4d30542899511d",
      "rev_count": 834672,
      "rev_date": "2025-07-25T07:48:04Z",
      "scrape_date": "2025-07-27T00:48:10.509969Z",
      "stabilities": [
        "unstable"
      ],
      "unfree": false,
      "version": "1.88.0",
      "outputs_to_install": [
        "out"
      ],
      "outputs": {
        "out": "/nix/store/xy5h5sv2fp8mq2vs8cvbx5ajpcmzy8gq-cargo-1.88.0"
      },
      "system": "aarch64-linux",
      "group": "toplevel",
      "priority": 5
    },
    {
      "attr_path": "cargo",
      "broken": false,
      "derivation": "/nix/store/v7gcjjrfhmjvp7b5kgi13s4lwmbh0g9z-cargo-1.88.0.drv",
      "description": "Downloads your Rust project's dependencies and builds your project",
      "install_id": "cargo",
      "license": "[ MIT, Apache-2.0 ]",
      "locked_url": "https://github.com/flox/nixpkgs?rev=7fd36ee82c0275fb545775cc5e4d30542899511d",
      "name": "cargo-1.88.0",
      "pname": "cargo",
      "rev": "7fd36ee82c0275fb545775cc5e4d30542899511d",
      "rev_count": 834672,
      "rev_date": "2025-07-25T07:48:04Z",
      "scrape_date": "2025-07-27T01:06:54.184792Z",
      "stabilities": [
        "unstable"
      ],
      "unfree": false,
      "version": "1.88.0",
      "outputs_to_install": [
        "out"
      ],
      "outputs": {
        "out": "/nix/store/d8nws85q8hri9qygxcgkz3g6m876cdvb-cargo-1.88.0"
      },
      "system": "x86_64-darwin",
      "group": "toplevel",
      "priority": 5
    },
    {
      "attr_path": "cargo",
      "broken": false,
      "derivation": "/nix/store/ivgcvyhj3r0xlf83aqzihca2fzwpdwdm-cargo-1.88.0.drv",
      "description": "Downloads your Rust project's dependencies and builds your project",
      "install_id": "cargo",
      "license": "[ MIT, Apache-2.0 ]",
      "locked_url": "https://github.com/flox/nixpkgs?rev=7fd36ee82c0275fb545775cc5e4d30542899511d",
      "name": "cargo-1.88.0",
      "pname": "cargo",
      "rev": "7fd36ee82c0275fb545775cc5e4d30542899511d",
      "rev_count": 834672,
      "rev_date": "2025-07-25T07:48:04Z",
      "scrape_date": "2025-07-27T01:28:52.469030Z",
      "stabilities": [
        "unstable"
      ],
      "unfree": false,
      "version": "1.88.0",
      "outputs_to_install": [
        "out"
      ],
      "outputs": {
        "out": "/nix/store/bcv2nzjldz3swhjdn07zmd897kl6y1xf-cargo-1.88.0"
      },
      "system": "x86_64-linux",
      "group": "toplevel",
      "priority": 5
    },
    {
      "attr_path": "rustc",
      "broken": false,
      "derivation": "/nix/store/lab83py43hq6dg9nr11hcz9z331wkp0j-rustc-wrapper-1.88.0.drv",
      "description": "Safe, concurrent, practical language (wrapper script)",
      "install_id": "rustc",
      "license": "[ MIT, Apache-2.0 ]",
      "locked_url": "https://github.com/flox/nixpkgs?rev=7fd36ee82c0275fb545775cc5e4d30542899511d",
      "name": "rustc-wrapper-1.88.0",
      "pname": "rustc",
      "rev": "7fd36ee82c0275fb545775cc5e4d30542899511d",
      "rev_count": 834672,
      "rev_date": "2025-07-25T07:48:04Z",
      "scrape_date": "2025-07-27T00:28:55.156865Z",
      "stabilities": [
        "unstable"
      ],
      "unfree": false,
      "version": "1.88.0",
      "outputs_to_install": [
        "man",
        "out"
      ],
      "outputs": {
        "doc": "/nix/store/ij0msz7dqdw652hdhcbvv318723jfn6k-rustc-wrapper-1.88.0-doc",
        "man": "/nix/store/39f5ff78h6az71w1iklx4g5w43cbxz5g-rustc-wrapper-1.88.0-man",
        "out": "/nix/store/b5gyjynayc5aybb1dl4d47xir97i2cnk-rustc-wrapper-1.88.0"
      },
      "system": "aarch64-darwin",
      "group": "toplevel",
      "priority": 5
    },
    {
      "attr_path": "rustc",
      "broken": false,
      "derivation": "/nix/store/i4h0spmw6v4l72wr7gzzvf2m6xyrh16h-rustc-wrapper-1.88.0.drv",
      "description": "Safe, concurrent, practical language (wrapper script)",
      "install_id": "rustc",
      "license": "[ MIT, Apache-2.0 ]",
      "locked_url": "https://github.com/flox/nixpkgs?rev=7fd36ee82c0275fb545775cc5e4d30542899511d",
      "name": "rustc-wrapper-1.88.0",
      "pname": "rustc",
      "rev": "7fd36ee82c0275fb545775cc5e4d30542899511d",
      "rev_count": 834672,
      "rev_date": "2025-07-25T07:48:04Z",
      "scrape_date": "2025-07-27T00:49:08.647606Z",
      "stabilities": [
        "unstable"
      ],
      "unfree": false,
      "version": "1.88.0",
      "outputs_to_install": [
        "man",
        "out"
      ],
      "outputs": {
        "doc": "/nix/store/2m1isqw4fdgpcq42akkm1r4y1h834k95-rustc-wrapper-1.88.0-doc",
        "man": "/nix/store/pnp14wn1zbrkq8aawx8qsqrlqry8hsxa-rustc-wrapper-1.88.0-man",
        "out": "/nix/store/b9f32gh63h4jd8w26rfb9d9qj9wgaya5-rustc-wrapper-1.88.0"
      },
      "system": "aarch64-linux",
      "group": "toplevel",
      "priority": 5
    },
    {
      "attr_path": "rustc",
      "broken": false,
      "derivation": "/nix/store/k97fiayqkl80qfwak0fdqmw3axha74vs-rustc-wrapper-1.88.0.drv",
      "description": "Safe, concurrent, practical language (wrapper script)",
      "install_id": "rustc",
      "license": "[ MIT, Apache-2.0 ]",
      "locked_url": "https://github.com/flox/nixpkgs?rev=7fd36ee82c0275fb545775cc5e4d30542899511d",
      "name": "rustc-wrapper-1.88.0",
      "pname": "rustc",
      "rev": "7fd36ee82c0275fb545775cc5e4d30542899511d",
      "rev_count": 834672,
      "rev_date": "2025-07-25T07:48:04Z",
      "scrape_date": "2025-07-27T01:07:28.643056Z",
      "stabilities": [
        "unstable"
      ],
      "unfree": false,
      "version": "1.88.0",
      "outputs_to_install": [
        "man",
        "out"
      ],
      "outputs": {
        "doc": "/nix/store/ivnnbbksixaq7dskypqzkgq90jkr4i1f-rustc-wrapper-1.88.0-doc",
        "man": "/nix/store/yd9zkk3nandp3hz9vynm5jsxvgl9wdpf-rustc-wrapper-1.88.0-man",
        "out": "/nix/store/kdh89qs52xdspa4k3pljj1s0pq5a8s51-rustc-wrapper-1.88.0"
      },
      "system": "x86_64-darwin",
      "group": "toplevel",
      "priority": 5
    },
    {
      "attr_path": "rustc",
      "broken": false,
      "derivation": "/nix/store/200f3ybyq6ldkmgbzixi3aqjwd0kja5q-rustc-wrapper-1.88.0.drv",
      "description": "Safe, concurrent, practical language (wrapper script)",
      "install_id": "rustc",
      "license": "[ MIT, Apache-2.0 ]",
      "locked_url": "https://github.com/flox/nixpkgs?rev=7fd36ee82c0275fb545775cc5e4d30542899511d",
      "name": "rustc-wrapper-1.88.0",
      "pname": "rustc",
      "rev": "7fd36ee82c0275fb545775cc5e4d30542899511d",
      "rev_count": 834672,
      "rev_date": "2025-07-25T07:48:04Z",
      "scrape_date": "2025-07-27T01:29:57.187782Z",
      "stabilities": [
        "unstable"
      ],
      "unfree": false,
      "version": "1.88.0",
      "outputs_to_install": [
        "man",
        "out"
      ],
      "outputs": {
        "doc": "/nix/store/2miwl4b08x1p8zpjaw688brv14vrn3nw-rustc-wrapper-1.88.0-doc",
        "man": "/nix/store/kwzbhbs491p6jgq0g2cazmlwwdp1gs01-rustc-wrapper-1.88.0-man",
        "out": "/nix/store/55xkmcp7rhryyllgdnd63xk3xsmlqacq-rustc-wrapper-1.88.0"
      },
      "system": "x86_64-linux",
      "group": "toplevel",
      "priority": 5
    }
  ]
}